// !$*UTF8*$!
{
	archiveVersion = 1;
	classes = {
	};
	objectVersion = 46;
	objects = {

/* Begin PBXBuildFile section */
		18384D2E1ED681B10022EB2D /* FriendCircleCell.m in Sources */ = {isa = PBXBuildFile; fileRef = 18384D2C1ED681B10022EB2D /* FriendCircleCell.m */; };
		18384D2F1ED681B10022EB2D /* FriendCircleCell.xib in Resources */ = {isa = PBXBuildFile; fileRef = 18384D2D1ED681B10022EB2D /* FriendCircleCell.xib */; };
		18384D331ED6A5150022EB2D /* CellMessageCell.m in Sources */ = {isa = PBXBuildFile; fileRef = 18384D311ED6A5150022EB2D /* CellMessageCell.m */; };
		18384D341ED6A5150022EB2D /* CellMessageCell.xib in Resources */ = {isa = PBXBuildFile; fileRef = 18384D321ED6A5150022EB2D /* CellMessageCell.xib */; };
		18384D3C1ED6A7E60022EB2D /* MyAsyncImageView.m in Sources */ = {isa = PBXBuildFile; fileRef = 18384D371ED6A7E60022EB2D /* MyAsyncImageView.m */; };
		18384D3D1ED6A7E60022EB2D /* MyImageOperation.m in Sources */ = {isa = PBXBuildFile; fileRef = 18384D391ED6A7E60022EB2D /* MyImageOperation.m */; };
		18384D3E1ED6A7E60022EB2D /* MyImageOperationQueue.m in Sources */ = {isa = PBXBuildFile; fileRef = 18384D3B1ED6A7E60022EB2D /* MyImageOperationQueue.m */; };
		18384D411ED6AEA40022EB2D /* UIView+FC.m in Sources */ = {isa = PBXBuildFile; fileRef = 18384D401ED6AEA40022EB2D /* UIView+FC.m */; };
		18384D491ED8107A0022EB2D /* FCImageViewCtr.m in Sources */ = {isa = PBXBuildFile; fileRef = 18384D441ED8107A0022EB2D /* FCImageViewCtr.m */; };
		18384D4A1ED8107A0022EB2D /* FCImageViewCtr.xib in Resources */ = {isa = PBXBuildFile; fileRef = 18384D451ED8107A0022EB2D /* FCImageViewCtr.xib */; };
		18384D4B1ED8107A0022EB2D /* FCLinkViewCtr.m in Sources */ = {isa = PBXBuildFile; fileRef = 18384D471ED8107A0022EB2D /* FCLinkViewCtr.m */; };
		18384D4C1ED8107A0022EB2D /* FCLinkViewCtr.xib in Resources */ = {isa = PBXBuildFile; fileRef = 18384D481ED8107A0022EB2D /* FCLinkViewCtr.xib */; };
		184DCE121ED2FA760087BE4C /* main.m in Sources */ = {isa = PBXBuildFile; fileRef = 184DCE111ED2FA760087BE4C /* main.m */; };
		184DCE151ED2FA760087BE4C /* AppDelegate.m in Sources */ = {isa = PBXBuildFile; fileRef = 184DCE141ED2FA760087BE4C /* AppDelegate.m */; };
		184DCE181ED2FA760087BE4C /* ViewController.m in Sources */ = {isa = PBXBuildFile; fileRef = 184DCE171ED2FA760087BE4C /* ViewController.m */; };
		184DCE1B1ED2FA760087BE4C /* Main.storyboard in Resources */ = {isa = PBXBuildFile; fileRef = 184DCE191ED2FA760087BE4C /* Main.storyboard */; };
		184DCE1D1ED2FA760087BE4C /* Assets.xcassets in Resources */ = {isa = PBXBuildFile; fileRef = 184DCE1C1ED2FA760087BE4C /* Assets.xcassets */; };
		184DCE201ED2FA760087BE4C /* LaunchScreen.storyboard in Resources */ = {isa = PBXBuildFile; fileRef = 184DCE1E1ED2FA760087BE4C /* LaunchScreen.storyboard */; };
		184DCE2A1ED2FEB80087BE4C /* WYLFriendCircleVC.m in Sources */ = {isa = PBXBuildFile; fileRef = 184DCE291ED2FEB80087BE4C /* WYLFriendCircleVC.m */; };
		184DCE2E1ED3012E0087BE4C /* FriendCircleData.m in Sources */ = {isa = PBXBuildFile; fileRef = 184DCE2D1ED3012E0087BE4C /* FriendCircleData.m */; };
		184DCE311ED43FE50087BE4C /* WYLFCModel.m in Sources */ = {isa = PBXBuildFile; fileRef = 184DCE301ED43FE50087BE4C /* WYLFCModel.m */; };
		184FBAFC1ED5143500B8E29F /* contentDes.txt in Resources */ = {isa = PBXBuildFile; fileRef = 184FBAF81ED5143500B8E29F /* contentDes.txt */; };
		184FBAFD1ED5143500B8E29F /* message.txt in Resources */ = {isa = PBXBuildFile; fileRef = 184FBAF91ED5143500B8E29F /* message.txt */; };
		184FBAFE1ED5143500B8E29F /* name.txt in Resources */ = {isa = PBXBuildFile; fileRef = 184FBAFA1ED5143500B8E29F /* name.txt */; };
		184FBAFF1ED5143500B8E29F /* pictureURL.txt in Resources */ = {isa = PBXBuildFile; fileRef = 184FBAFB1ED5143500B8E29F /* pictureURL.txt */; };
		184FBB341ED5C93000B8E29F /* Video-player_bar.png in Resources */ = {isa = PBXBuildFile; fileRef = 184FBB0A1ED5C92F00B8E29F /* Video-player_bar.png */; };
		184FBB351ED5C93000B8E29F /* Video-player_bar@2x.png in Resources */ = {isa = PBXBuildFile; fileRef = 184FBB0B1ED5C92F00B8E29F /* Video-player_bar@2x.png */; };
		184FBB361ED5C93000B8E29F /* Video-player_bar_black.png in Resources */ = {isa = PBXBuildFile; fileRef = 184FBB0C1ED5C92F00B8E29F /* Video-player_bar_black.png */; };
		184FBB371ED5C93000B8E29F /* Video-player_bar_black@2x.png in Resources */ = {isa = PBXBuildFile; fileRef = 184FBB0D1ED5C92F00B8E29F /* Video-player_bar_black@2x.png */; };
		184FBB381ED5C93000B8E29F /* Video-player_bar_bot.png in Resources */ = {isa = PBXBuildFile; fileRef = 184FBB0E1ED5C92F00B8E29F /* Video-player_bar_bot.png */; };
		184FBB391ED5C93000B8E29F /* Video-player_bar_bot@2x.png in Resources */ = {isa = PBXBuildFile; fileRef = 184FBB0F1ED5C92F00B8E29F /* Video-player_bar_bot@2x.png */; };
		184FBB3A1ED5C93000B8E29F /* Video-player_bar_bot_black.png in Resources */ = {isa = PBXBuildFile; fileRef = 184FBB101ED5C92F00B8E29F /* Video-player_bar_bot_black.png */; };
		184FBB3B1ED5C93000B8E29F /* Video-player_bar_bot_gradd.png in Resources */ = {isa = PBXBuildFile; fileRef = 184FBB111ED5C92F00B8E29F /* Video-player_bar_bot_gradd.png */; };
		184FBB3C1ED5C93000B8E29F /* Video-player_bar_bot_gradd@2x.png in Resources */ = {isa = PBXBuildFile; fileRef = 184FBB121ED5C92F00B8E29F /* Video-player_bar_bot_gradd@2x.png */; };
		184FBB3D1ED5C93000B8E29F /* Video-player_bar_grad.png in Resources */ = {isa = PBXBuildFile; fileRef = 184FBB131ED5C92F00B8E29F /* Video-player_bar_grad.png */; };
		184FBB3E1ED5C93000B8E29F /* Video-player_bar_grad_bel.png in Resources */ = {isa = PBXBuildFile; fileRef = 184FBB141ED5C92F00B8E29F /* Video-player_bar_grad_bel.png */; };
		184FBB3F1ED5C93000B8E29F /* Video-player_bottom_bg.png in Resources */ = {isa = PBXBuildFile; fileRef = 184FBB151ED5C92F00B8E29F /* Video-player_bottom_bg.png */; };
		184FBB401ED5C93000B8E29F /* Video-player_bottom_bg@2x.png in Resources */ = {isa = PBXBuildFile; fileRef = 184FBB161ED5C92F00B8E29F /* Video-player_bottom_bg@2x.png */; };
		184FBB411ED5C93000B8E29F /* Video-player_sound_bg0.png in Resources */ = {isa = PBXBuildFile; fileRef = 184FBB171ED5C92F00B8E29F /* Video-player_sound_bg0.png */; };
		184FBB421ED5C93000B8E29F /* Video-player_sound_bg@2x.png in Resources */ = {isa = PBXBuildFile; fileRef = 184FBB181ED5C92F00B8E29F /* Video-player_sound_bg@2x.png */; };
		184FBB431ED5C93000B8E29F /* Video-player_sound_off.png in Resources */ = {isa = PBXBuildFile; fileRef = 184FBB191ED5C92F00B8E29F /* Video-player_sound_off.png */; };
		184FBB441ED5C93000B8E29F /* Video-player_sound_on.png in Resources */ = {isa = PBXBuildFile; fileRef = 184FBB1A1ED5C92F00B8E29F /* Video-player_sound_on.png */; };
		184FBB451ED5C93000B8E29F /* Video-player_top_bg.png in Resources */ = {isa = PBXBuildFile; fileRef = 184FBB1B1ED5C92F00B8E29F /* Video-player_top_bg.png */; };
		184FBB461ED5C93000B8E29F /* video_blow-on.png in Resources */ = {isa = PBXBuildFile; fileRef = 184FBB1C1ED5C92F00B8E29F /* video_blow-on.png */; };
		184FBB471ED5C93000B8E29F /* video_blow-up.png in Resources */ = {isa = PBXBuildFile; fileRef = 184FBB1D1ED5C92F00B8E29F /* video_blow-up.png */; };
		184FBB481ED5C93000B8E29F /* Video_btn_control.png in Resources */ = {isa = PBXBuildFile; fileRef = 184FBB1E1ED5C92F00B8E29F /* Video_btn_control.png */; };
		184FBB491ED5C93000B8E29F /* Video_btn_control@2x.png in Resources */ = {isa = PBXBuildFile; fileRef = 184FBB1F1ED5C92F00B8E29F /* Video_btn_control@2x.png */; };
		184FBB4A1ED5C93000B8E29F /* video_mini_pause.png in Resources */ = {isa = PBXBuildFile; fileRef = 184FBB201ED5C93000B8E29F /* video_mini_pause.png */; };
		184FBB4B1ED5C93000B8E29F /* video_mini_play.png in Resources */ = {isa = PBXBuildFile; fileRef = 184FBB211ED5C93000B8E29F /* video_mini_play.png */; };
		184FBB4C1ED5C93000B8E29F /* video_on.png in Resources */ = {isa = PBXBuildFile; fileRef = 184FBB221ED5C93000B8E29F /* video_on.png */; };
		184FBB4D1ED5C93000B8E29F /* video_past.png in Resources */ = {isa = PBXBuildFile; fileRef = 184FBB231ED5C93000B8E29F /* video_past.png */; };
		184FBB4E1ED5C93000B8E29F /* video_Vertical-screen_bg.png in Resources */ = {isa = PBXBuildFile; fileRef = 184FBB241ED5C93000B8E29F /* video_Vertical-screen_bg.png */; };
		184FBB4F1ED5C93000B8E29F /* 11.mp4 in Resources */ = {isa = PBXBuildFile; fileRef = 184FBB261ED5C93000B8E29F /* 11.mp4 */; };
		184FBB501ED5C93000B8E29F /* MovieView.m in Sources */ = {isa = PBXBuildFile; fileRef = 184FBB281ED5C93000B8E29F /* MovieView.m */; };
		184FBB511ED5C93000B8E29F /* PlayerController.m in Sources */ = {isa = PBXBuildFile; fileRef = 184FBB2A1ED5C93000B8E29F /* PlayerController.m */; };
		184FBB521ED5C93000B8E29F /* PlayerView.m in Sources */ = {isa = PBXBuildFile; fileRef = 184FBB2C1ED5C93000B8E29F /* PlayerView.m */; };
		184FBB531ED5C93000B8E29F /* icon0.jpg in Resources */ = {isa = PBXBuildFile; fileRef = 184FBB2E1ED5C93000B8E29F /* icon0.jpg */; };
		184FBB541ED5C93000B8E29F /* icon1.jpg in Resources */ = {isa = PBXBuildFile; fileRef = 184FBB2F1ED5C93000B8E29F /* icon1.jpg */; };
		184FBB551ED5C93000B8E29F /* icon2.jpg in Resources */ = {isa = PBXBuildFile; fileRef = 184FBB301ED5C93000B8E29F /* icon2.jpg */; };
		184FBB561ED5C93000B8E29F /* icon3.jpg in Resources */ = {isa = PBXBuildFile; fileRef = 184FBB311ED5C93000B8E29F /* icon3.jpg */; };
		184FBB571ED5C93000B8E29F /* icon4.jpg in Resources */ = {isa = PBXBuildFile; fileRef = 184FBB321ED5C93000B8E29F /* icon4.jpg */; };
		184FBB581ED5C93000B8E29F /* portrait.png in Resources */ = {isa = PBXBuildFile; fileRef = 184FBB331ED5C93000B8E29F /* portrait.png */; };
		184FBB5C1ED5C95F00B8E29F /* background.png in Resources */ = {isa = PBXBuildFile; fileRef = 184FBB591ED5C95F00B8E29F /* background.png */; };
		184FBB5D1ED5C95F00B8E29F /* itlogo-01.png in Resources */ = {isa = PBXBuildFile; fileRef = 184FBB5A1ED5C95F00B8E29F /* itlogo-01.png */; };
		184FBB5E1ED5C95F00B8E29F /* logo.png in Resources */ = {isa = PBXBuildFile; fileRef = 184FBB5B1ED5C95F00B8E29F /* logo.png */; };
		184FBB601ED5DC7100B8E29F /* WYLFriendCircleVC.xib in Resources */ = {isa = PBXBuildFile; fileRef = 184FBB5F1ED5DC7100B8E29F /* WYLFriendCircleVC.xib */; };
		184FBB631ED5DE6200B8E29F /* FCTextView.m in Sources */ = {isa = PBXBuildFile; fileRef = 184FBB621ED5DE6200B8E29F /* FCTextView.m */; };
/* End PBXBuildFile section */

/* Begin PBXFileReference section */
		18384D2B1ED681B10022EB2D /* FriendCircleCell.h */ = {isa = PBXFileReference; fileEncoding = 4; lastKnownFileType = sourcecode.c.h; path = FriendCircleCell.h; sourceTree = "<group>"; };
		18384D2C1ED681B10022EB2D /* FriendCircleCell.m */ = {isa = PBXFileReference; fileEncoding = 4; lastKnownFileType = sourcecode.c.objc; path = FriendCircleCell.m; sourceTree = "<group>"; };
		18384D2D1ED681B10022EB2D /* FriendCircleCell.xib */ = {isa = PBXFileReference; fileEncoding = 4; lastKnownFileType = file.xib; path = FriendCircleCell.xib; sourceTree = "<group>"; };
		18384D301ED6A5150022EB2D /* CellMessageCell.h */ = {isa = PBXFileReference; fileEncoding = 4; lastKnownFileType = sourcecode.c.h; path = CellMessageCell.h; sourceTree = "<group>"; };
		18384D311ED6A5150022EB2D /* CellMessageCell.m */ = {isa = PBXFileReference; fileEncoding = 4; lastKnownFileType = sourcecode.c.objc; path = CellMessageCell.m; sourceTree = "<group>"; };
		18384D321ED6A5150022EB2D /* CellMessageCell.xib */ = {isa = PBXFileReference; fileEncoding = 4; lastKnownFileType = file.xib; path = CellMessageCell.xib; sourceTree = "<group>"; };
		18384D361ED6A7E60022EB2D /* MyAsyncImageView.h */ = {isa = PBXFileReference; fileEncoding = 4; lastKnownFileType = sourcecode.c.h; path = MyAsyncImageView.h; sourceTree = "<group>"; };
		18384D371ED6A7E60022EB2D /* MyAsyncImageView.m */ = {isa = PBXFileReference; fileEncoding = 4; lastKnownFileType = sourcecode.c.objc; path = MyAsyncImageView.m; sourceTree = "<group>"; };
		18384D381ED6A7E60022EB2D /* MyImageOperation.h */ = {isa = PBXFileReference; fileEncoding = 4; lastKnownFileType = sourcecode.c.h; path = MyImageOperation.h; sourceTree = "<group>"; };
		18384D391ED6A7E60022EB2D /* MyImageOperation.m */ = {isa = PBXFileReference; fileEncoding = 4; lastKnownFileType = sourcecode.c.objc; path = MyImageOperation.m; sourceTree = "<group>"; };
		18384D3A1ED6A7E60022EB2D /* MyImageOperationQueue.h */ = {isa = PBXFileReference; fileEncoding = 4; lastKnownFileType = sourcecode.c.h; path = MyImageOperationQueue.h; sourceTree = "<group>"; };
		18384D3B1ED6A7E60022EB2D /* MyImageOperationQueue.m */ = {isa = PBXFileReference; fileEncoding = 4; lastKnownFileType = sourcecode.c.objc; path = MyImageOperationQueue.m; sourceTree = "<group>"; };
		18384D3F1ED6AEA40022EB2D /* UIView+FC.h */ = {isa = PBXFileReference; fileEncoding = 4; lastKnownFileType = sourcecode.c.h; path = "UIView+FC.h"; sourceTree = "<group>"; };
		18384D401ED6AEA40022EB2D /* UIView+FC.m */ = {isa = PBXFileReference; fileEncoding = 4; lastKnownFileType = sourcecode.c.objc; path = "UIView+FC.m"; sourceTree = "<group>"; };
		18384D421ED7D8A40022EB2D /* PrefixHeader.pch */ = {isa = PBXFileReference; fileEncoding = 4; lastKnownFileType = sourcecode.c.h; path = PrefixHeader.pch; sourceTree = "<group>"; };
		18384D431ED8107A0022EB2D /* FCImageViewCtr.h */ = {isa = PBXFileReference; fileEncoding = 4; lastKnownFileType = sourcecode.c.h; path = FCImageViewCtr.h; sourceTree = "<group>"; };
		18384D441ED8107A0022EB2D /* FCImageViewCtr.m */ = {isa = PBXFileReference; fileEncoding = 4; lastKnownFileType = sourcecode.c.objc; path = FCImageViewCtr.m; sourceTree = "<group>"; };
		18384D451ED8107A0022EB2D /* FCImageViewCtr.xib */ = {isa = PBXFileReference; fileEncoding = 4; lastKnownFileType = file.xib; path = FCImageViewCtr.xib; sourceTree = "<group>"; };
		18384D461ED8107A0022EB2D /* FCLinkViewCtr.h */ = {isa = PBXFileReference; fileEncoding = 4; lastKnownFileType = sourcecode.c.h; path = FCLinkViewCtr.h; sourceTree = "<group>"; };
		18384D471ED8107A0022EB2D /* FCLinkViewCtr.m */ = {isa = PBXFileReference; fileEncoding = 4; lastKnownFileType = sourcecode.c.objc; path = FCLinkViewCtr.m; sourceTree = "<group>"; };
		18384D481ED8107A0022EB2D /* FCLinkViewCtr.xib */ = {isa = PBXFileReference; fileEncoding = 4; lastKnownFileType = file.xib; path = FCLinkViewCtr.xib; sourceTree = "<group>"; };
		184DCE0D1ED2FA760087BE4C /* WYLFriendCircle.app */ = {isa = PBXFileReference; explicitFileType = wrapper.application; includeInIndex = 0; path = WYLFriendCircle.app; sourceTree = BUILT_PRODUCTS_DIR; };
		184DCE111ED2FA760087BE4C /* main.m */ = {isa = PBXFileReference; lastKnownFileType = sourcecode.c.objc; path = main.m; sourceTree = "<group>"; };
		184DCE131ED2FA760087BE4C /* AppDelegate.h */ = {isa = PBXFileReference; lastKnownFileType = sourcecode.c.h; path = AppDelegate.h; sourceTree = "<group>"; };
		184DCE141ED2FA760087BE4C /* AppDelegate.m */ = {isa = PBXFileReference; lastKnownFileType = sourcecode.c.objc; path = AppDelegate.m; sourceTree = "<group>"; };
		184DCE161ED2FA760087BE4C /* ViewController.h */ = {isa = PBXFileReference; lastKnownFileType = sourcecode.c.h; path = ViewController.h; sourceTree = "<group>"; };
		184DCE171ED2FA760087BE4C /* ViewController.m */ = {isa = PBXFileReference; lastKnownFileType = sourcecode.c.objc; path = ViewController.m; sourceTree = "<group>"; };
		184DCE1A1ED2FA760087BE4C /* Base */ = {isa = PBXFileReference; lastKnownFileType = file.storyboard; name = Base; path = Base.lproj/Main.storyboard; sourceTree = "<group>"; };
		184DCE1C1ED2FA760087BE4C /* Assets.xcassets */ = {isa = PBXFileReference; lastKnownFileType = folder.assetcatalog; path = Assets.xcassets; sourceTree = "<group>"; };
		184DCE1F1ED2FA760087BE4C /* Base */ = {isa = PBXFileReference; lastKnownFileType = file.storyboard; name = Base; path = Base.lproj/LaunchScreen.storyboard; sourceTree = "<group>"; };
		184DCE211ED2FA760087BE4C /* Info.plist */ = {isa = PBXFileReference; lastKnownFileType = text.plist.xml; path = Info.plist; sourceTree = "<group>"; };
		184DCE281ED2FEB80087BE4C /* WYLFriendCircleVC.h */ = {isa = PBXFileReference; fileEncoding = 4; lastKnownFileType = sourcecode.c.h; path = WYLFriendCircleVC.h; sourceTree = "<group>"; };
		184DCE291ED2FEB80087BE4C /* WYLFriendCircleVC.m */ = {isa = PBXFileReference; fileEncoding = 4; lastKnownFileType = sourcecode.c.objc; path = WYLFriendCircleVC.m; sourceTree = "<group>"; };
		184DCE2C1ED3012E0087BE4C /* FriendCircleData.h */ = {isa = PBXFileReference; fileEncoding = 4; lastKnownFileType = sourcecode.c.h; path = FriendCircleData.h; sourceTree = "<group>"; };
		184DCE2D1ED3012E0087BE4C /* FriendCircleData.m */ = {isa = PBXFileReference; fileEncoding = 4; lastKnownFileType = sourcecode.c.objc; path = FriendCircleData.m; sourceTree = "<group>"; };
		184DCE2F1ED43FE50087BE4C /* WYLFCModel.h */ = {isa = PBXFileReference; fileEncoding = 4; lastKnownFileType = sourcecode.c.h; path = WYLFCModel.h; sourceTree = "<group>"; };
		184DCE301ED43FE50087BE4C /* WYLFCModel.m */ = {isa = PBXFileReference; fileEncoding = 4; lastKnownFileType = sourcecode.c.objc; path = WYLFCModel.m; sourceTree = "<group>"; };
		184FBAF81ED5143500B8E29F /* contentDes.txt */ = {isa = PBXFileReference; fileEncoding = 4; lastKnownFileType = text; path = contentDes.txt; sourceTree = "<group>"; };
		184FBAF91ED5143500B8E29F /* message.txt */ = {isa = PBXFileReference; fileEncoding = 4; lastKnownFileType = text; path = message.txt; sourceTree = "<group>"; };
		184FBAFA1ED5143500B8E29F /* name.txt */ = {isa = PBXFileReference; fileEncoding = 4; lastKnownFileType = text; path = name.txt; sourceTree = "<group>"; };
		184FBAFB1ED5143500B8E29F /* pictureURL.txt */ = {isa = PBXFileReference; fileEncoding = 4; lastKnownFileType = text; path = pictureURL.txt; sourceTree = "<group>"; };
		184FBB0A1ED5C92F00B8E29F /* Video-player_bar.png */ = {isa = PBXFileReference; lastKnownFileType = image.png; path = "Video-player_bar.png"; sourceTree = "<group>"; };
		184FBB0B1ED5C92F00B8E29F /* Video-player_bar@2x.png */ = {isa = PBXFileReference; lastKnownFileType = image.png; path = "Video-player_bar@2x.png"; sourceTree = "<group>"; };
		184FBB0C1ED5C92F00B8E29F /* Video-player_bar_black.png */ = {isa = PBXFileReference; lastKnownFileType = image.png; path = "Video-player_bar_black.png"; sourceTree = "<group>"; };
		184FBB0D1ED5C92F00B8E29F /* Video-player_bar_black@2x.png */ = {isa = PBXFileReference; lastKnownFileType = image.png; path = "Video-player_bar_black@2x.png"; sourceTree = "<group>"; };
		184FBB0E1ED5C92F00B8E29F /* Video-player_bar_bot.png */ = {isa = PBXFileReference; lastKnownFileType = image.png; path = "Video-player_bar_bot.png"; sourceTree = "<group>"; };
		184FBB0F1ED5C92F00B8E29F /* Video-player_bar_bot@2x.png */ = {isa = PBXFileReference; lastKnownFileType = image.png; path = "Video-player_bar_bot@2x.png"; sourceTree = "<group>"; };
		184FBB101ED5C92F00B8E29F /* Video-player_bar_bot_black.png */ = {isa = PBXFileReference; lastKnownFileType = image.png; path = "Video-player_bar_bot_black.png"; sourceTree = "<group>"; };
		184FBB111ED5C92F00B8E29F /* Video-player_bar_bot_gradd.png */ = {isa = PBXFileReference; lastKnownFileType = image.png; path = "Video-player_bar_bot_gradd.png"; sourceTree = "<group>"; };
		184FBB121ED5C92F00B8E29F /* Video-player_bar_bot_gradd@2x.png */ = {isa = PBXFileReference; lastKnownFileType = image.png; path = "Video-player_bar_bot_gradd@2x.png"; sourceTree = "<group>"; };
		184FBB131ED5C92F00B8E29F /* Video-player_bar_grad.png */ = {isa = PBXFileReference; lastKnownFileType = image.png; path = "Video-player_bar_grad.png"; sourceTree = "<group>"; };
		184FBB141ED5C92F00B8E29F /* Video-player_bar_grad_bel.png */ = {isa = PBXFileReference; lastKnownFileType = image.png; path = "Video-player_bar_grad_bel.png"; sourceTree = "<group>"; };
		184FBB151ED5C92F00B8E29F /* Video-player_bottom_bg.png */ = {isa = PBXFileReference; lastKnownFileType = image.png; path = "Video-player_bottom_bg.png"; sourceTree = "<group>"; };
		184FBB161ED5C92F00B8E29F /* Video-player_bottom_bg@2x.png */ = {isa = PBXFileReference; lastKnownFileType = image.png; path = "Video-player_bottom_bg@2x.png"; sourceTree = "<group>"; };
		184FBB171ED5C92F00B8E29F /* Video-player_sound_bg0.png */ = {isa = PBXFileReference; lastKnownFileType = image.png; path = "Video-player_sound_bg0.png"; sourceTree = "<group>"; };
		184FBB181ED5C92F00B8E29F /* Video-player_sound_bg@2x.png */ = {isa = PBXFileReference; lastKnownFileType = image.png; path = "Video-player_sound_bg@2x.png"; sourceTree = "<group>"; };
		184FBB191ED5C92F00B8E29F /* Video-player_sound_off.png */ = {isa = PBXFileReference; lastKnownFileType = image.png; path = "Video-player_sound_off.png"; sourceTree = "<group>"; };
		184FBB1A1ED5C92F00B8E29F /* Video-player_sound_on.png */ = {isa = PBXFileReference; lastKnownFileType = image.png; path = "Video-player_sound_on.png"; sourceTree = "<group>"; };
		184FBB1B1ED5C92F00B8E29F /* Video-player_top_bg.png */ = {isa = PBXFileReference; lastKnownFileType = image.png; path = "Video-player_top_bg.png"; sourceTree = "<group>"; };
		184FBB1C1ED5C92F00B8E29F /* video_blow-on.png */ = {isa = PBXFileReference; lastKnownFileType = image.png; path = "video_blow-on.png"; sourceTree = "<group>"; };
		184FBB1D1ED5C92F00B8E29F /* video_blow-up.png */ = {isa = PBXFileReference; lastKnownFileType = image.png; path = "video_blow-up.png"; sourceTree = "<group>"; };
		184FBB1E1ED5C92F00B8E29F /* Video_btn_control.png */ = {isa = PBXFileReference; lastKnownFileType = image.png; path = Video_btn_control.png; sourceTree = "<group>"; };
		184FBB1F1ED5C92F00B8E29F /* Video_btn_control@2x.png */ = {isa = PBXFileReference; lastKnownFileType = image.png; path = "Video_btn_control@2x.png"; sourceTree = "<group>"; };
		184FBB201ED5C93000B8E29F /* video_mini_pause.png */ = {isa = PBXFileReference; lastKnownFileType = image.png; path = video_mini_pause.png; sourceTree = "<group>"; };
		184FBB211ED5C93000B8E29F /* video_mini_play.png */ = {isa = PBXFileReference; lastKnownFileType = image.png; path = video_mini_play.png; sourceTree = "<group>"; };
		184FBB221ED5C93000B8E29F /* video_on.png */ = {isa = PBXFileReference; lastKnownFileType = image.png; path = video_on.png; sourceTree = "<group>"; };
		184FBB231ED5C93000B8E29F /* video_past.png */ = {isa = PBXFileReference; lastKnownFileType = image.png; path = video_past.png; sourceTree = "<group>"; };
		184FBB241ED5C93000B8E29F /* video_Vertical-screen_bg.png */ = {isa = PBXFileReference; lastKnownFileType = image.png; path = "video_Vertical-screen_bg.png"; sourceTree = "<group>"; };
		184FBB261ED5C93000B8E29F /* 11.mp4 */ = {isa = PBXFileReference; lastKnownFileType = file; path = 11.mp4; sourceTree = "<group>"; };
		184FBB271ED5C93000B8E29F /* MovieView.h */ = {isa = PBXFileReference; fileEncoding = 4; lastKnownFileType = sourcecode.c.h; path = MovieView.h; sourceTree = "<group>"; };
		184FBB281ED5C93000B8E29F /* MovieView.m */ = {isa = PBXFileReference; fileEncoding = 4; lastKnownFileType = sourcecode.c.objc; path = MovieView.m; sourceTree = "<group>"; };
		184FBB291ED5C93000B8E29F /* PlayerController.h */ = {isa = PBXFileReference; fileEncoding = 4; lastKnownFileType = sourcecode.c.h; path = PlayerController.h; sourceTree = "<group>"; };
		184FBB2A1ED5C93000B8E29F /* PlayerController.m */ = {isa = PBXFileReference; fileEncoding = 4; lastKnownFileType = sourcecode.c.objc; path = PlayerController.m; sourceTree = "<group>"; };
		184FBB2B1ED5C93000B8E29F /* PlayerView.h */ = {isa = PBXFileReference; fileEncoding = 4; lastKnownFileType = sourcecode.c.h; path = PlayerView.h; sourceTree = "<group>"; };
		184FBB2C1ED5C93000B8E29F /* PlayerView.m */ = {isa = PBXFileReference; fileEncoding = 4; lastKnownFileType = sourcecode.c.objc; path = PlayerView.m; sourceTree = "<group>"; };
		184FBB2E1ED5C93000B8E29F /* icon0.jpg */ = {isa = PBXFileReference; lastKnownFileType = image.jpeg; path = icon0.jpg; sourceTree = "<group>"; };
		184FBB2F1ED5C93000B8E29F /* icon1.jpg */ = {isa = PBXFileReference; lastKnownFileType = image.jpeg; path = icon1.jpg; sourceTree = "<group>"; };
		184FBB301ED5C93000B8E29F /* icon2.jpg */ = {isa = PBXFileReference; lastKnownFileType = image.jpeg; path = icon2.jpg; sourceTree = "<group>"; };
		184FBB311ED5C93000B8E29F /* icon3.jpg */ = {isa = PBXFileReference; lastKnownFileType = image.jpeg; path = icon3.jpg; sourceTree = "<group>"; };
		184FBB321ED5C93000B8E29F /* icon4.jpg */ = {isa = PBXFileReference; lastKnownFileType = image.jpeg; path = icon4.jpg; sourceTree = "<group>"; };
		184FBB331ED5C93000B8E29F /* portrait.png */ = {isa = PBXFileReference; lastKnownFileType = image.png; path = portrait.png; sourceTree = "<group>"; };
		184FBB591ED5C95F00B8E29F /* background.png */ = {isa = PBXFileReference; lastKnownFileType = image.png; path = background.png; sourceTree = "<group>"; };
		184FBB5A1ED5C95F00B8E29F /* itlogo-01.png */ = {isa = PBXFileReference; lastKnownFileType = image.png; path = "itlogo-01.png"; sourceTree = "<group>"; };
		184FBB5B1ED5C95F00B8E29F /* logo.png */ = {isa = PBXFileReference; lastKnownFileType = image.png; path = logo.png; sourceTree = "<group>"; };
		184FBB5F1ED5DC7100B8E29F /* WYLFriendCircleVC.xib */ = {isa = PBXFileReference; fileEncoding = 4; lastKnownFileType = file.xib; path = WYLFriendCircleVC.xib; sourceTree = "<group>"; };
		184FBB611ED5DE6200B8E29F /* FCTextView.h */ = {isa = PBXFileReference; fileEncoding = 4; lastKnownFileType = sourcecode.c.h; path = FCTextView.h; sourceTree = "<group>"; };
		184FBB621ED5DE6200B8E29F /* FCTextView.m */ = {isa = PBXFileReference; fileEncoding = 4; lastKnownFileType = sourcecode.c.objc; path = FCTextView.m; sourceTree = "<group>"; };
/* End PBXFileReference section */

/* Begin PBXFrameworksBuildPhase section */
		184DCE0A1ED2FA760087BE4C /* Frameworks */ = {
			isa = PBXFrameworksBuildPhase;
			buildActionMask = 2147483647;
			files = (
			);
			runOnlyForDeploymentPostprocessing = 0;
		};
/* End PBXFrameworksBuildPhase section */

/* Begin PBXGroup section */
		18384D351ED6A7D90022EB2D /* ImageView */ = {
			isa = PBXGroup;
			children = (
				18384D361ED6A7E60022EB2D /* MyAsyncImageView.h */,
				18384D371ED6A7E60022EB2D /* MyAsyncImageView.m */,
				18384D381ED6A7E60022EB2D /* MyImageOperation.h */,
				18384D391ED6A7E60022EB2D /* MyImageOperation.m */,
				18384D3A1ED6A7E60022EB2D /* MyImageOperationQueue.h */,
				18384D3B1ED6A7E60022EB2D /* MyImageOperationQueue.m */,
			);
			path = ImageView;
			sourceTree = "<group>";
		};
		184DCE041ED2FA760087BE4C = {
			isa = PBXGroup;
			children = (
				184DCE0F1ED2FA760087BE4C /* WYLFriendCircle */,
				184DCE0E1ED2FA760087BE4C /* Products */,
			);
			sourceTree = "<group>";
		};
		184DCE0E1ED2FA760087BE4C /* Products */ = {
			isa = PBXGroup;
			children = (
				184DCE0D1ED2FA760087BE4C /* WYLFriendCircle.app */,
			);
			name = Products;
			sourceTree = "<group>";
		};
		184DCE0F1ED2FA760087BE4C /* WYLFriendCircle */ = {
			isa = PBXGroup;
			children = (
				184DCE271ED2FE9B0087BE4C /* WYLFriendCircle */,
				184DCE131ED2FA760087BE4C /* AppDelegate.h */,
				184DCE141ED2FA760087BE4C /* AppDelegate.m */,
				184DCE161ED2FA760087BE4C /* ViewController.h */,
				184DCE171ED2FA760087BE4C /* ViewController.m */,
				184DCE191ED2FA760087BE4C /* Main.storyboard */,
				184DCE1C1ED2FA760087BE4C /* Assets.xcassets */,
				184DCE1E1ED2FA760087BE4C /* LaunchScreen.storyboard */,
				184DCE211ED2FA760087BE4C /* Info.plist */,
				184DCE101ED2FA760087BE4C /* Supporting Files */,
			);
			path = WYLFriendCircle;
			sourceTree = "<group>";
		};
		184DCE101ED2FA760087BE4C /* Supporting Files */ = {
			isa = PBXGroup;
			children = (
				184DCE111ED2FA760087BE4C /* main.m */,
				18384D421ED7D8A40022EB2D /* PrefixHeader.pch */,
			);
			name = "Supporting Files";
			sourceTree = "<group>";
		};
		184DCE271ED2FE9B0087BE4C /* WYLFriendCircle */ = {
			isa = PBXGroup;
			children = (
				18384D351ED6A7D90022EB2D /* ImageView */,
				184FBB091ED5C92F00B8E29F /* 播放器 */,
				184FBB251ED5C93000B8E29F /* 视频 */,
				184FBB2D1ED5C93000B8E29F /* 图像 */,
				184DCE2B1ED301060087BE4C /* FalseData */,
				184DCE281ED2FEB80087BE4C /* WYLFriendCircleVC.h */,
				184DCE291ED2FEB80087BE4C /* WYLFriendCircleVC.m */,
				184FBB5F1ED5DC7100B8E29F /* WYLFriendCircleVC.xib */,
				18384D431ED8107A0022EB2D /* FCImageViewCtr.h */,
				18384D441ED8107A0022EB2D /* FCImageViewCtr.m */,
				18384D451ED8107A0022EB2D /* FCImageViewCtr.xib */,
				18384D461ED8107A0022EB2D /* FCLinkViewCtr.h */,
				18384D471ED8107A0022EB2D /* FCLinkViewCtr.m */,
				18384D481ED8107A0022EB2D /* FCLinkViewCtr.xib */,
				18384D2B1ED681B10022EB2D /* FriendCircleCell.h */,
				18384D2C1ED681B10022EB2D /* FriendCircleCell.m */,
				18384D2D1ED681B10022EB2D /* FriendCircleCell.xib */,
				18384D301ED6A5150022EB2D /* CellMessageCell.h */,
				18384D311ED6A5150022EB2D /* CellMessageCell.m */,
				18384D321ED6A5150022EB2D /* CellMessageCell.xib */,
				184FBB611ED5DE6200B8E29F /* FCTextView.h */,
				184FBB621ED5DE6200B8E29F /* FCTextView.m */,
				18384D3F1ED6AEA40022EB2D /* UIView+FC.h */,
				18384D401ED6AEA40022EB2D /* UIView+FC.m */,
			);
			path = WYLFriendCircle;
			sourceTree = "<group>";
		};
		184DCE2B1ED301060087BE4C /* FalseData */ = {
			isa = PBXGroup;
			children = (
				184FBB591ED5C95F00B8E29F /* background.png */,
				184FBB5A1ED5C95F00B8E29F /* itlogo-01.png */,
				184FBB5B1ED5C95F00B8E29F /* logo.png */,
				184FBAF81ED5143500B8E29F /* contentDes.txt */,
				184FBAF91ED5143500B8E29F /* message.txt */,
				184FBAFA1ED5143500B8E29F /* name.txt */,
				184FBAFB1ED5143500B8E29F /* pictureURL.txt */,
				184DCE2C1ED3012E0087BE4C /* FriendCircleData.h */,
				184DCE2D1ED3012E0087BE4C /* FriendCircleData.m */,
				184DCE2F1ED43FE50087BE4C /* WYLFCModel.h */,
				184DCE301ED43FE50087BE4C /* WYLFCModel.m */,
			);
			path = FalseData;
			sourceTree = "<group>";
		};
		184FBB091ED5C92F00B8E29F /* 播放器 */ = {
			isa = PBXGroup;
			children = (
				184FBB0A1ED5C92F00B8E29F /* Video-player_bar.png */,
				184FBB0B1ED5C92F00B8E29F /* Video-player_bar@2x.png */,
				184FBB0C1ED5C92F00B8E29F /* Video-player_bar_black.png */,
				184FBB0D1ED5C92F00B8E29F /* Video-player_bar_black@2x.png */,
				184FBB0E1ED5C92F00B8E29F /* Video-player_bar_bot.png */,
				184FBB0F1ED5C92F00B8E29F /* Video-player_bar_bot@2x.png */,
				184FBB101ED5C92F00B8E29F /* Video-player_bar_bot_black.png */,
				184FBB111ED5C92F00B8E29F /* Video-player_bar_bot_gradd.png */,
				184FBB121ED5C92F00B8E29F /* Video-player_bar_bot_gradd@2x.png */,
				184FBB131ED5C92F00B8E29F /* Video-player_bar_grad.png */,
				184FBB141ED5C92F00B8E29F /* Video-player_bar_grad_bel.png */,
				184FBB151ED5C92F00B8E29F /* Video-player_bottom_bg.png */,
				184FBB161ED5C92F00B8E29F /* Video-player_bottom_bg@2x.png */,
				184FBB171ED5C92F00B8E29F /* Video-player_sound_bg0.png */,
				184FBB181ED5C92F00B8E29F /* Video-player_sound_bg@2x.png */,
				184FBB191ED5C92F00B8E29F /* Video-player_sound_off.png */,
				184FBB1A1ED5C92F00B8E29F /* Video-player_sound_on.png */,
				184FBB1B1ED5C92F00B8E29F /* Video-player_top_bg.png */,
				184FBB1C1ED5C92F00B8E29F /* video_blow-on.png */,
				184FBB1D1ED5C92F00B8E29F /* video_blow-up.png */,
				184FBB1E1ED5C92F00B8E29F /* Video_btn_control.png */,
				184FBB1F1ED5C92F00B8E29F /* Video_btn_control@2x.png */,
				184FBB201ED5C93000B8E29F /* video_mini_pause.png */,
				184FBB211ED5C93000B8E29F /* video_mini_play.png */,
				184FBB221ED5C93000B8E29F /* video_on.png */,
				184FBB231ED5C93000B8E29F /* video_past.png */,
				184FBB241ED5C93000B8E29F /* video_Vertical-screen_bg.png */,
			);
			path = "播放器";
			sourceTree = "<group>";
		};
		184FBB251ED5C93000B8E29F /* 视频 */ = {
			isa = PBXGroup;
			children = (
				184FBB261ED5C93000B8E29F /* 11.mp4 */,
				184FBB271ED5C93000B8E29F /* MovieView.h */,
				184FBB281ED5C93000B8E29F /* MovieView.m */,
				184FBB291ED5C93000B8E29F /* PlayerController.h */,
				184FBB2A1ED5C93000B8E29F /* PlayerController.m */,
				184FBB2B1ED5C93000B8E29F /* PlayerView.h */,
				184FBB2C1ED5C93000B8E29F /* PlayerView.m */,
			);
			path = "视频";
			sourceTree = "<group>";
		};
		184FBB2D1ED5C93000B8E29F /* 图像 */ = {
			isa = PBXGroup;
			children = (
				184FBB2E1ED5C93000B8E29F /* icon0.jpg */,
				184FBB2F1ED5C93000B8E29F /* icon1.jpg */,
				184FBB301ED5C93000B8E29F /* icon2.jpg */,
				184FBB311ED5C93000B8E29F /* icon3.jpg */,
				184FBB321ED5C93000B8E29F /* icon4.jpg */,
				184FBB331ED5C93000B8E29F /* portrait.png */,
			);
			path = "图像";
			sourceTree = "<group>";
		};
/* End PBXGroup section */

/* Begin PBXNativeTarget section */
		184DCE0C1ED2FA760087BE4C /* WYLFriendCircle */ = {
			isa = PBXNativeTarget;
			buildConfigurationList = 184DCE241ED2FA760087BE4C /* Build configuration list for PBXNativeTarget "WYLFriendCircle" */;
			buildPhases = (
				184DCE091ED2FA760087BE4C /* Sources */,
				184DCE0A1ED2FA760087BE4C /* Frameworks */,
				184DCE0B1ED2FA760087BE4C /* Resources */,
			);
			buildRules = (
			);
			dependencies = (
			);
			name = WYLFriendCircle;
			productName = WYLFriendCircle;
			productReference = 184DCE0D1ED2FA760087BE4C /* WYLFriendCircle.app */;
			productType = "com.apple.product-type.application";
		};
/* End PBXNativeTarget section */

/* Begin PBXProject section */
		184DCE051ED2FA760087BE4C /* Project object */ = {
			isa = PBXProject;
			attributes = {
				LastUpgradeCheck = 0830;
				ORGANIZATIONNAME = wyl;
				TargetAttributes = {
					184DCE0C1ED2FA760087BE4C = {
						CreatedOnToolsVersion = 8.3.2;
						DevelopmentTeam = HS686A3WXM;
						ProvisioningStyle = Automatic;
					};
				};
			};
			buildConfigurationList = 184DCE081ED2FA760087BE4C /* Build configuration list for PBXProject "WYLFriendCircle" */;
			compatibilityVersion = "Xcode 3.2";
			developmentRegion = English;
			hasScannedForEncodings = 0;
			knownRegions = (
				en,
				Base,
			);
			mainGroup = 184DCE041ED2FA760087BE4C;
			productRefGroup = 184DCE0E1ED2FA760087BE4C /* Products */;
			projectDirPath = "";
			projectRoot = "";
			targets = (
				184DCE0C1ED2FA760087BE4C /* WYLFriendCircle */,
			);
		};
/* End PBXProject section */

/* Begin PBXResourcesBuildPhase section */
		184DCE0B1ED2FA760087BE4C /* Resources */ = {
			isa = PBXResourcesBuildPhase;
			buildActionMask = 2147483647;
			files = (
				184FBB411ED5C93000B8E29F /* Video-player_sound_bg0.png in Resources */,
				184FBB381ED5C93000B8E29F /* Video-player_bar_bot.png in Resources */,
				18384D341ED6A5150022EB2D /* CellMessageCell.xib in Resources */,
				184FBB601ED5DC7100B8E29F /* WYLFriendCircleVC.xib in Resources */,
				184FBB481ED5C93000B8E29F /* Video_btn_control.png in Resources */,
				184FBB351ED5C93000B8E29F /* Video-player_bar@2x.png in Resources */,
				184FBAFD1ED5143500B8E29F /* message.txt in Resources */,
				184FBB3D1ED5C93000B8E29F /* Video-player_bar_grad.png in Resources */,
				18384D4C1ED8107A0022EB2D /* FCLinkViewCtr.xib in Resources */,
				184FBB391ED5C93000B8E29F /* Video-player_bar_bot@2x.png in Resources */,
				184FBB491ED5C93000B8E29F /* Video_btn_control@2x.png in Resources */,
				184FBB3B1ED5C93000B8E29F /* Video-player_bar_bot_gradd.png in Resources */,
				184FBB361ED5C93000B8E29F /* Video-player_bar_black.png in Resources */,
				184FBAFE1ED5143500B8E29F /* name.txt in Resources */,
				184FBB441ED5C93000B8E29F /* Video-player_sound_on.png in Resources */,
				18384D2F1ED681B10022EB2D /* FriendCircleCell.xib in Resources */,
				184FBB461ED5C93000B8E29F /* video_blow-on.png in Resources */,
				184FBB551ED5C93000B8E29F /* icon2.jpg in Resources */,
				184FBB431ED5C93000B8E29F /* Video-player_sound_off.png in Resources */,
				184DCE201ED2FA760087BE4C /* LaunchScreen.storyboard in Resources */,
				184FBB471ED5C93000B8E29F /* video_blow-up.png in Resources */,
				184FBB5D1ED5C95F00B8E29F /* itlogo-01.png in Resources */,
				184FBB4E1ED5C93000B8E29F /* video_Vertical-screen_bg.png in Resources */,
				184FBB531ED5C93000B8E29F /* icon0.jpg in Resources */,
				184FBB3C1ED5C93000B8E29F /* Video-player_bar_bot_gradd@2x.png in Resources */,
				184FBB541ED5C93000B8E29F /* icon1.jpg in Resources */,
				184DCE1D1ED2FA760087BE4C /* Assets.xcassets in Resources */,
				184FBB4C1ED5C93000B8E29F /* video_on.png in Resources */,
				184FBB5E1ED5C95F00B8E29F /* logo.png in Resources */,
				184FBB341ED5C93000B8E29F /* Video-player_bar.png in Resources */,
				184FBB3E1ED5C93000B8E29F /* Video-player_bar_grad_bel.png in Resources */,
				184FBAFF1ED5143500B8E29F /* pictureURL.txt in Resources */,
				184FBB561ED5C93000B8E29F /* icon3.jpg in Resources */,
				184FBB4A1ED5C93000B8E29F /* video_mini_pause.png in Resources */,
				184FBB4B1ED5C93000B8E29F /* video_mini_play.png in Resources */,
				184FBB4F1ED5C93000B8E29F /* 11.mp4 in Resources */,
				18384D4A1ED8107A0022EB2D /* FCImageViewCtr.xib in Resources */,
				184FBB371ED5C93000B8E29F /* Video-player_bar_black@2x.png in Resources */,
				184FBB401ED5C93000B8E29F /* Video-player_bottom_bg@2x.png in Resources */,
				184DCE1B1ED2FA760087BE4C /* Main.storyboard in Resources */,
				184FBB3A1ED5C93000B8E29F /* Video-player_bar_bot_black.png in Resources */,
				184FBAFC1ED5143500B8E29F /* contentDes.txt in Resources */,
				184FBB421ED5C93000B8E29F /* Video-player_sound_bg@2x.png in Resources */,
				184FBB451ED5C93000B8E29F /* Video-player_top_bg.png in Resources */,
				184FBB5C1ED5C95F00B8E29F /* background.png in Resources */,
				184FBB571ED5C93000B8E29F /* icon4.jpg in Resources */,
				184FBB581ED5C93000B8E29F /* portrait.png in Resources */,
				184FBB4D1ED5C93000B8E29F /* video_past.png in Resources */,
				184FBB3F1ED5C93000B8E29F /* Video-player_bottom_bg.png in Resources */,
			);
			runOnlyForDeploymentPostprocessing = 0;
		};
/* End PBXResourcesBuildPhase section */

/* Begin PBXSourcesBuildPhase section */
		184DCE091ED2FA760087BE4C /* Sources */ = {
			isa = PBXSourcesBuildPhase;
			buildActionMask = 2147483647;
			files = (
				18384D491ED8107A0022EB2D /* FCImageViewCtr.m in Sources */,
				184DCE181ED2FA760087BE4C /* ViewController.m in Sources */,
				18384D331ED6A5150022EB2D /* CellMessageCell.m in Sources */,
				18384D4B1ED8107A0022EB2D /* FCLinkViewCtr.m in Sources */,
				184DCE311ED43FE50087BE4C /* WYLFCModel.m in Sources */,
				18384D411ED6AEA40022EB2D /* UIView+FC.m in Sources */,
				18384D3D1ED6A7E60022EB2D /* MyImageOperation.m in Sources */,
				18384D2E1ED681B10022EB2D /* FriendCircleCell.m in Sources */,
				184FBB501ED5C93000B8E29F /* MovieView.m in Sources */,
				18384D3E1ED6A7E60022EB2D /* MyImageOperationQueue.m in Sources */,
				184DCE2E1ED3012E0087BE4C /* FriendCircleData.m in Sources */,
				184DCE2A1ED2FEB80087BE4C /* WYLFriendCircleVC.m in Sources */,
				184DCE151ED2FA760087BE4C /* AppDelegate.m in Sources */,
				184FBB511ED5C93000B8E29F /* PlayerController.m in Sources */,
				184FBB521ED5C93000B8E29F /* PlayerView.m in Sources */,
				184FBB631ED5DE6200B8E29F /* FCTextView.m in Sources */,
				18384D3C1ED6A7E60022EB2D /* MyAsyncImageView.m in Sources */,
				184DCE121ED2FA760087BE4C /* main.m in Sources */,
			);
			runOnlyForDeploymentPostprocessing = 0;
		};
/* End PBXSourcesBuildPhase section */

/* Begin PBXVariantGroup section */
		184DCE191ED2FA760087BE4C /* Main.storyboard */ = {
			isa = PBXVariantGroup;
			children = (
				184DCE1A1ED2FA760087BE4C /* Base */,
			);
			name = Main.storyboard;
			sourceTree = "<group>";
		};
		184DCE1E1ED2FA760087BE4C /* LaunchScreen.storyboard */ = {
			isa = PBXVariantGroup;
			children = (
				184DCE1F1ED2FA760087BE4C /* Base */,
			);
			name = LaunchScreen.storyboard;
			sourceTree = "<group>";
		};
/* End PBXVariantGroup section */

/* Begin XCBuildConfiguration section */
		184DCE221ED2FA760087BE4C /* Debug */ = {
			isa = XCBuildConfiguration;
			buildSettings = {
				ALWAYS_SEARCH_USER_PATHS = NO;
				CLANG_ANALYZER_NONNULL = YES;
				CLANG_ANALYZER_NUMBER_OBJECT_CONVERSION = YES_AGGRESSIVE;
				CLANG_CXX_LANGUAGE_STANDARD = "gnu++0x";
				CLANG_CXX_LIBRARY = "libc++";
				CLANG_ENABLE_MODULES = YES;
				CLANG_ENABLE_OBJC_ARC = YES;
				CLANG_WARN_BOOL_CONVERSION = YES;
				CLANG_WARN_CONSTANT_CONVERSION = YES;
				CLANG_WARN_DIRECT_OBJC_ISA_USAGE = YES_ERROR;
				CLANG_WARN_DOCUMENTATION_COMMENTS = YES;
				CLANG_WARN_EMPTY_BODY = YES;
				CLANG_WARN_ENUM_CONVERSION = YES;
				CLANG_WARN_INFINITE_RECURSION = YES;
				CLANG_WARN_INT_CONVERSION = YES;
				CLANG_WARN_OBJC_ROOT_CLASS = YES_ERROR;
				CLANG_WARN_SUSPICIOUS_MOVE = YES;
				CLANG_WARN_UNREACHABLE_CODE = YES;
				CLANG_WARN__DUPLICATE_METHOD_MATCH = YES;
				"CODE_SIGN_IDENTITY[sdk=iphoneos*]" = "iPhone Developer";
				COPY_PHASE_STRIP = NO;
				DEBUG_INFORMATION_FORMAT = dwarf;
				ENABLE_STRICT_OBJC_MSGSEND = YES;
				ENABLE_TESTABILITY = YES;
				GCC_C_LANGUAGE_STANDARD = gnu99;
				GCC_DYNAMIC_NO_PIC = NO;
				GCC_NO_COMMON_BLOCKS = YES;
				GCC_OPTIMIZATION_LEVEL = 0;
				GCC_PREPROCESSOR_DEFINITIONS = (
					"DEBUG=1",
					"$(inherited)",
				);
				GCC_WARN_64_TO_32_BIT_CONVERSION = YES;
				GCC_WARN_ABOUT_RETURN_TYPE = YES_ERROR;
				GCC_WARN_UNDECLARED_SELECTOR = YES;
				GCC_WARN_UNINITIALIZED_AUTOS = YES_AGGRESSIVE;
				GCC_WARN_UNUSED_FUNCTION = YES;
				GCC_WARN_UNUSED_VARIABLE = YES;
				IPHONEOS_DEPLOYMENT_TARGET = 10.3;
				MTL_ENABLE_DEBUG_INFO = YES;
				ONLY_ACTIVE_ARCH = YES;
				SDKROOT = iphoneos;
			};
			name = Debug;
		};
		184DCE231ED2FA760087BE4C /* Release */ = {
			isa = XCBuildConfiguration;
			buildSettings = {
				ALWAYS_SEARCH_USER_PATHS = NO;
				CLANG_ANALYZER_NONNULL = YES;
				CLANG_ANALYZER_NUMBER_OBJECT_CONVERSION = YES_AGGRESSIVE;
				CLANG_CXX_LANGUAGE_STANDARD = "gnu++0x";
				CLANG_CXX_LIBRARY = "libc++";
				CLANG_ENABLE_MODULES = YES;
				CLANG_ENABLE_OBJC_ARC = YES;
				CLANG_WARN_BOOL_CONVERSION = YES;
				CLANG_WARN_CONSTANT_CONVERSION = YES;
				CLANG_WARN_DIRECT_OBJC_ISA_USAGE = YES_ERROR;
				CLANG_WARN_DOCUMENTATION_COMMENTS = YES;
				CLANG_WARN_EMPTY_BODY = YES;
				CLANG_WARN_ENUM_CONVERSION = YES;
				CLANG_WARN_INFINITE_RECURSION = YES;
				CLANG_WARN_INT_CONVERSION = YES;
				CLANG_WARN_OBJC_ROOT_CLASS = YES_ERROR;
				CLANG_WARN_SUSPICIOUS_MOVE = YES;
				CLANG_WARN_UNREACHABLE_CODE = YES;
				CLANG_WARN__DUPLICATE_METHOD_MATCH = YES;
				"CODE_SIGN_IDENTITY[sdk=iphoneos*]" = "iPhone Developer";
				COPY_PHASE_STRIP = NO;
				DEBUG_INFORMATION_FORMAT = "dwarf-with-dsym";
				ENABLE_NS_ASSERTIONS = NO;
				ENABLE_STRICT_OBJC_MSGSEND = YES;
				GCC_C_LANGUAGE_STANDARD = gnu99;
				GCC_NO_COMMON_BLOCKS = YES;
				GCC_WARN_64_TO_32_BIT_CONVERSION = YES;
				GCC_WARN_ABOUT_RETURN_TYPE = YES_ERROR;
				GCC_WARN_UNDECLARED_SELECTOR = YES;
				GCC_WARN_UNINITIALIZED_AUTOS = YES_AGGRESSIVE;
				GCC_WARN_UNUSED_FUNCTION = YES;
				GCC_WARN_UNUSED_VARIABLE = YES;
				IPHONEOS_DEPLOYMENT_TARGET = 10.3;
				MTL_ENABLE_DEBUG_INFO = NO;
				SDKROOT = iphoneos;
				VALIDATE_PRODUCT = YES;
			};
			name = Release;
		};
		184DCE251ED2FA760087BE4C /* Debug */ = {
			isa = XCBuildConfiguration;
			buildSettings = {
				ASSETCATALOG_COMPILER_APPICON_NAME = AppIcon;
				DEVELOPMENT_TEAM = HS686A3WXM;
				GCC_PRECOMPILE_PREFIX_HEADER = YES;
				GCC_PREFIX_HEADER = "$(SRCROOT)/WYLFriendCircle/PrefixHeader.pch";
				INFOPLIST_FILE = WYLFriendCircle/Info.plist;
				LD_RUNPATH_SEARCH_PATHS = "$(inherited) @executable_path/Frameworks";
				PRODUCT_BUNDLE_IDENTIFIER = com.WYLFriendCircle;
				PRODUCT_NAME = "$(TARGET_NAME)";
			};
			name = Debug;
		};
		184DCE261ED2FA760087BE4C /* Release */ = {
			isa = XCBuildConfiguration;
			buildSettings = {
				ASSETCATALOG_COMPILER_APPICON_NAME = AppIcon;
				DEVELOPMENT_TEAM = HS686A3WXM;
				GCC_PRECOMPILE_PREFIX_HEADER = YES;
				GCC_PREFIX_HEADER = "$(SRCROOT)/WYLFriendCircle/PrefixHeader.pch";
				INFOPLIST_FILE = WYLFriendCircle/Info.plist;
				LD_RUNPATH_SEARCH_PATHS = "$(inherited) @executable_path/Frameworks";
				PRODUCT_BUNDLE_IDENTIFIER = com.WYLFriendCircle;
				PRODUCT_NAME = "$(TARGET_NAME)";
			};
			name = Release;
		};
/* End XCBuildConfiguration section */

/* Begin XCConfigurationList section */
		184DCE081ED2FA760087BE4C /* Build configuration list for PBXProject "WYLFriendCircle" */ = {
			isa = XCConfigurationList;
			buildConfigurations = (
				184DCE221ED2FA760087BE4C /* Debug */,
				184DCE231ED2FA760087BE4C /* Release */,
			);
			defaultConfigurationIsVisible = 0;
			defaultConfigurationName = Release;
		};
		184DCE241ED2FA760087BE4C /* Build configuration list for PBXNativeTarget "WYLFriendCircle" */ = {
			isa = XCConfigurationList;
			buildConfigurations = (
				184DCE251ED2FA760087BE4C /* Debug */,
				184DCE261ED2FA760087BE4C /* Release */,
			);
			defaultConfigurationIsVisible = 0;
			defaultConfigurationName = Release;
		};
/* End XCConfigurationList section */
	};
	rootObject = 184DCE051ED2FA760087BE4C /* Project object */;
}
