// !$*UTF8*$!
{
	archiveVersion = 1;
	classes = {
	};
	objectVersion = 46;
	objects = {

/* Begin PBXBuildFile section */
		184DCE121ED2FA760087BE4C /* main.m in Sources */ = {isa = PBXBuildFile; fileRef = 184DCE111ED2FA760087BE4C /* main.m */; };
		184DCE151ED2FA760087BE4C /* AppDelegate.m in Sources */ = {isa = PBXBuildFile; fileRef = 184DCE141ED2FA760087BE4C /* AppDelegate.m */; };
		184DCE181ED2FA760087BE4C /* ViewController.m in Sources */ = {isa = PBXBuildFile; fileRef = 184DCE171ED2FA760087BE4C /* ViewController.m */; };
		184DCE1B1ED2FA760087BE4C /* Main.storyboard in Resources */ = {isa = PBXBuildFile; fileRef = 184DCE191ED2FA760087BE4C /* Main.storyboard */; };
		184DCE1D1ED2FA760087BE4C /* Assets.xcassets in Resources */ = {isa = PBXBuildFile; fileRef = 184DCE1C1ED2FA760087BE4C /* Assets.xcassets */; };
		184DCE201ED2FA760087BE4C /* LaunchScreen.storyboard in Resources */ = {isa = PBXBuildFile; fileRef = 184DCE1E1ED2FA760087BE4C /* LaunchScreen.storyboard */; };
		184DCE2A1ED2FEB80087BE4C /* WYLFriendCircleVC.m in Sources */ = {isa = PBXBuildFile; fileRef = 184DCE291ED2FEB80087BE4C /* WYLFriendCircleVC.m */; };
		184DCE2E1ED3012E0087BE4C /* FriendCircleData.m in Sources */ = {isa = PBXBuildFile; fileRef = 184DCE2D1ED3012E0087BE4C /* FriendCircleData.m */; };
		184DCE311ED43FE50087BE4C /* WYLFCModel.m in Sources */ = {isa = PBXBuildFile; fileRef = 184DCE301ED43FE50087BE4C /* WYLFCModel.m */; };
/* End PBXBuildFile section */

/* Begin PBXFileReference section */
		184DCE0D1ED2FA760087BE4C /* WYLFriendCircle.app */ = {isa = PBXFileReference; explicitFileType = wrapper.application; includeInIndex = 0; path = WYLFriendCircle.app; sourceTree = BUILT_PRODUCTS_DIR; };
		184DCE111ED2FA760087BE4C /* main.m */ = {isa = PBXFileReference; lastKnownFileType = sourcecode.c.objc; path = main.m; sourceTree = "<group>"; };
		184DCE131ED2FA760087BE4C /* AppDelegate.h */ = {isa = PBXFileReference; lastKnownFileType = sourcecode.c.h; path = AppDelegate.h; sourceTree = "<group>"; };
		184DCE141ED2FA760087BE4C /* AppDelegate.m */ = {isa = PBXFileReference; lastKnownFileType = sourcecode.c.objc; path = AppDelegate.m; sourceTree = "<group>"; };
		184DCE161ED2FA760087BE4C /* ViewController.h */ = {isa = PBXFileReference; lastKnownFileType = sourcecode.c.h; path = ViewController.h; sourceTree = "<group>"; };
		184DCE171ED2FA760087BE4C /* ViewController.m */ = {isa = PBXFileReference; lastKnownFileType = sourcecode.c.objc; path = ViewController.m; sourceTree = "<group>"; };
		184DCE1A1ED2FA760087BE4C /* Base */ = {isa = PBXFileReference; lastKnownFileType = file.storyboard; name = Base; path = Base.lproj/Main.storyboard; sourceTree = "<group>"; };
		184DCE1C1ED2FA760087BE4C /* Assets.xcassets */ = {isa = PBXFileReference; lastKnownFileType = folder.assetcatalog; path = Assets.xcassets; sourceTree = "<group>"; };
		184DCE1F1ED2FA760087BE4C /* Base */ = {isa = PBXFileReference; lastKnownFileType = file.storyboard; name = Base; path = Base.lproj/LaunchScreen.storyboard; sourceTree = "<group>"; };
		184DCE211ED2FA760087BE4C /* Info.plist */ = {isa = PBXFileReference; lastKnownFileType = text.plist.xml; path = Info.plist; sourceTree = "<group>"; };
		184DCE281ED2FEB80087BE4C /* WYLFriendCircleVC.h */ = {isa = PBXFileReference; fileEncoding = 4; lastKnownFileType = sourcecode.c.h; path = WYLFriendCircleVC.h; sourceTree = "<group>"; };
		184DCE291ED2FEB80087BE4C /* WYLFriendCircleVC.m */ = {isa = PBXFileReference; fileEncoding = 4; lastKnownFileType = sourcecode.c.objc; path = WYLFriendCircleVC.m; sourceTree = "<group>"; };
		184DCE2C1ED3012E0087BE4C /* FriendCircleData.h */ = {isa = PBXFileReference; fileEncoding = 4; lastKnownFileType = sourcecode.c.h; path = FriendCircleData.h; sourceTree = "<group>"; };
		184DCE2D1ED3012E0087BE4C /* FriendCircleData.m */ = {isa = PBXFileReference; fileEncoding = 4; lastKnownFileType = sourcecode.c.objc; path = FriendCircleData.m; sourceTree = "<group>"; };
		184DCE2F1ED43FE50087BE4C /* WYLFCModel.h */ = {isa = PBXFileReference; fileEncoding = 4; lastKnownFileType = sourcecode.c.h; path = WYLFCModel.h; sourceTree = "<group>"; };
		184DCE301ED43FE50087BE4C /* WYLFCModel.m */ = {isa = PBXFileReference; fileEncoding = 4; lastKnownFileType = sourcecode.c.objc; path = WYLFCModel.m; sourceTree = "<group>"; };
/* End PBXFileReference section */

/* Begin PBXFrameworksBuildPhase section */
		184DCE0A1ED2FA760087BE4C /* Frameworks */ = {
			isa = PBXFrameworksBuildPhase;
			buildActionMask = 2147483647;
			files = (
			);
			runOnlyForDeploymentPostprocessing = 0;
		};
/* End PBXFrameworksBuildPhase section */

/* Begin PBXGroup section */
		184DCE041ED2FA760087BE4C = {
			isa = PBXGroup;
			children = (
				184DCE0F1ED2FA760087BE4C /* WYLFriendCircle */,
				184DCE0E1ED2FA760087BE4C /* Products */,
			);
			sourceTree = "<group>";
		};
		184DCE0E1ED2FA760087BE4C /* Products */ = {
			isa = PBXGroup;
			children = (
				184DCE0D1ED2FA760087BE4C /* WYLFriendCircle.app */,
			);
			name = Products;
			sourceTree = "<group>";
		};
		184DCE0F1ED2FA760087BE4C /* WYLFriendCircle */ = {
			isa = PBXGroup;
			children = (
				184DCE271ED2FE9B0087BE4C /* WYLFriendCircle */,
				184DCE131ED2FA760087BE4C /* AppDelegate.h */,
				184DCE141ED2FA760087BE4C /* AppDelegate.m */,
				184DCE161ED2FA760087BE4C /* ViewController.h */,
				184DCE171ED2FA760087BE4C /* ViewController.m */,
				184DCE191ED2FA760087BE4C /* Main.storyboard */,
				184DCE1C1ED2FA760087BE4C /* Assets.xcassets */,
				184DCE1E1ED2FA760087BE4C /* LaunchScreen.storyboard */,
				184DCE211ED2FA760087BE4C /* Info.plist */,
				184DCE101ED2FA760087BE4C /* Supporting Files */,
			);
			path = WYLFriendCircle;
			sourceTree = "<group>";
		};
		184DCE101ED2FA760087BE4C /* Supporting Files */ = {
			isa = PBXGroup;
			children = (
				184DCE111ED2FA760087BE4C /* main.m */,
			);
			name = "Supporting Files";
			sourceTree = "<group>";
		};
		184DCE271ED2FE9B0087BE4C /* WYLFriendCircle */ = {
			isa = PBXGroup;
			children = (
				184DCE2B1ED301060087BE4C /* FalseData */,
				184DCE281ED2FEB80087BE4C /* WYLFriendCircleVC.h */,
				184DCE291ED2FEB80087BE4C /* WYLFriendCircleVC.m */,
			);
			path = WYLFriendCircle;
			sourceTree = "<group>";
		};
		184DCE2B1ED301060087BE4C /* FalseData */ = {
			isa = PBXGroup;
			children = (
				184DCE2C1ED3012E0087BE4C /* FriendCircleData.h */,
				184DCE2D1ED3012E0087BE4C /* FriendCircleData.m */,
				184DCE2F1ED43FE50087BE4C /* WYLFCModel.h */,
				184DCE301ED43FE50087BE4C /* WYLFCModel.m */,
			);
			path = FalseData;
			sourceTree = "<group>";
		};
/* End PBXGroup section */

/* Begin PBXNativeTarget section */
		184DCE0C1ED2FA760087BE4C /* WYLFriendCircle */ = {
			isa = PBXNativeTarget;
			buildConfigurationList = 184DCE241ED2FA760087BE4C /* Build configuration list for PBXNativeTarget "WYLFriendCircle" */;
			buildPhases = (
				184DCE091ED2FA760087BE4C /* Sources */,
				184DCE0A1ED2FA760087BE4C /* Frameworks */,
				184DCE0B1ED2FA760087BE4C /* Resources */,
			);
			buildRules = (
			);
			dependencies = (
			);
			name = WYLFriendCircle;
			productName = WYLFriendCircle;
			productReference = 184DCE0D1ED2FA760087BE4C /* WYLFriendCircle.app */;
			productType = "com.apple.product-type.application";
		};
/* End PBXNativeTarget section */

/* Begin PBXProject section */
		184DCE051ED2FA760087BE4C /* Project object */ = {
			isa = PBXProject;
			attributes = {
				LastUpgradeCheck = 0830;
				ORGANIZATIONNAME = wyl;
				TargetAttributes = {
					184DCE0C1ED2FA760087BE4C = {
						CreatedOnToolsVersion = 8.3.2;
						DevelopmentTeam = HS686A3WXM;
						ProvisioningStyle = Automatic;
					};
				};
			};
			buildConfigurationList = 184DCE081ED2FA760087BE4C /* Build configuration list for PBXProject "WYLFriendCircle" */;
			compatibilityVersion = "Xcode 3.2";
			developmentRegion = English;
			hasScannedForEncodings = 0;
			knownRegions = (
				en,
				Base,
			);
			mainGroup = 184DCE041ED2FA760087BE4C;
			productRefGroup = 184DCE0E1ED2FA760087BE4C /* Products */;
			projectDirPath = "";
			projectRoot = "";
			targets = (
				184DCE0C1ED2FA760087BE4C /* WYLFriendCircle */,
			);
		};
/* End PBXProject section */

/* Begin PBXResourcesBuildPhase section */
		184DCE0B1ED2FA760087BE4C /* Resources */ = {
			isa = PBXResourcesBuildPhase;
			buildActionMask = 2147483647;
			files = (
				184DCE201ED2FA760087BE4C /* LaunchScreen.storyboard in Resources */,
				184DCE1D1ED2FA760087BE4C /* Assets.xcassets in Resources */,
				184DCE1B1ED2FA760087BE4C /* Main.storyboard in Resources */,
			);
			runOnlyForDeploymentPostprocessing = 0;
		};
/* End PBXResourcesBuildPhase section */

/* Begin PBXSourcesBuildPhase section */
		184DCE091ED2FA760087BE4C /* Sources */ = {
			isa = PBXSourcesBuildPhase;
			buildActionMask = 2147483647;
			files = (
				184DCE181ED2FA760087BE4C /* ViewController.m in Sources */,
				184DCE311ED43FE50087BE4C /* WYLFCModel.m in Sources */,
				184DCE2E1ED3012E0087BE4C /* FriendCircleData.m in Sources */,
				184DCE2A1ED2FEB80087BE4C /* WYLFriendCircleVC.m in Sources */,
				184DCE151ED2FA760087BE4C /* AppDelegate.m in Sources */,
				184DCE121ED2FA760087BE4C /* main.m in Sources */,
			);
			runOnlyForDeploymentPostprocessing = 0;
		};
/* End PBXSourcesBuildPhase section */

/* Begin PBXVariantGroup section */
		184DCE191ED2FA760087BE4C /* Main.storyboard */ = {
			isa = PBXVariantGroup;
			children = (
				184DCE1A1ED2FA760087BE4C /* Base */,
			);
			name = Main.storyboard;
			sourceTree = "<group>";
		};
		184DCE1E1ED2FA760087BE4C /* LaunchScreen.storyboard */ = {
			isa = PBXVariantGroup;
			children = (
				184DCE1F1ED2FA760087BE4C /* Base */,
			);
			name = LaunchScreen.storyboard;
			sourceTree = "<group>";
		};
/* End PBXVariantGroup section */

/* Begin XCBuildConfiguration section */
		184DCE221ED2FA760087BE4C /* Debug */ = {
			isa = XCBuildConfiguration;
			buildSettings = {
				ALWAYS_SEARCH_USER_PATHS = NO;
				CLANG_ANALYZER_NONNULL = YES;
				CLANG_ANALYZER_NUMBER_OBJECT_CONVERSION = YES_AGGRESSIVE;
				CLANG_CXX_LANGUAGE_STANDARD = "gnu++0x";
				CLANG_CXX_LIBRARY = "libc++";
				CLANG_ENABLE_MODULES = YES;
				CLANG_ENABLE_OBJC_ARC = YES;
				CLANG_WARN_BOOL_CONVERSION = YES;
				CLANG_WARN_CONSTANT_CONVERSION = YES;
				CLANG_WARN_DIRECT_OBJC_ISA_USAGE = YES_ERROR;
				CLANG_WARN_DOCUMENTATION_COMMENTS = YES;
				CLANG_WARN_EMPTY_BODY = YES;
				CLANG_WARN_ENUM_CONVERSION = YES;
				CLANG_WARN_INFINITE_RECURSION = YES;
				CLANG_WARN_INT_CONVERSION = YES;
				CLANG_WARN_OBJC_ROOT_CLASS = YES_ERROR;
				CLANG_WARN_SUSPICIOUS_MOVE = YES;
				CLANG_WARN_UNREACHABLE_CODE = YES;
				CLANG_WARN__DUPLICATE_METHOD_MATCH = YES;
				"CODE_SIGN_IDENTITY[sdk=iphoneos*]" = "iPhone Developer";
				COPY_PHASE_STRIP = NO;
				DEBUG_INFORMATION_FORMAT = dwarf;
				ENABLE_STRICT_OBJC_MSGSEND = YES;
				ENABLE_TESTABILITY = YES;
				GCC_C_LANGUAGE_STANDARD = gnu99;
				GCC_DYNAMIC_NO_PIC = NO;
				GCC_NO_COMMON_BLOCKS = YES;
				GCC_OPTIMIZATION_LEVEL = 0;
				GCC_PREPROCESSOR_DEFINITIONS = (
					"DEBUG=1",
					"$(inherited)",
				);
				GCC_WARN_64_TO_32_BIT_CONVERSION = YES;
				GCC_WARN_ABOUT_RETURN_TYPE = YES_ERROR;
				GCC_WARN_UNDECLARED_SELECTOR = YES;
				GCC_WARN_UNINITIALIZED_AUTOS = YES_AGGRESSIVE;
				GCC_WARN_UNUSED_FUNCTION = YES;
				GCC_WARN_UNUSED_VARIABLE = YES;
				IPHONEOS_DEPLOYMENT_TARGET = 10.3;
				MTL_ENABLE_DEBUG_INFO = YES;
				ONLY_ACTIVE_ARCH = YES;
				SDKROOT = iphoneos;
			};
			name = Debug;
		};
		184DCE231ED2FA760087BE4C /* Release */ = {
			isa = XCBuildConfiguration;
			buildSettings = {
				ALWAYS_SEARCH_USER_PATHS = NO;
				CLANG_ANALYZER_NONNULL = YES;
				CLANG_ANALYZER_NUMBER_OBJECT_CONVERSION = YES_AGGRESSIVE;
				CLANG_CXX_LANGUAGE_STANDARD = "gnu++0x";
				CLANG_CXX_LIBRARY = "libc++";
				CLANG_ENABLE_MODULES = YES;
				CLANG_ENABLE_OBJC_ARC = YES;
				CLANG_WARN_BOOL_CONVERSION = YES;
				CLANG_WARN_CONSTANT_CONVERSION = YES;
				CLANG_WARN_DIRECT_OBJC_ISA_USAGE = YES_ERROR;
				CLANG_WARN_DOCUMENTATION_COMMENTS = YES;
				CLANG_WARN_EMPTY_BODY = YES;
				CLANG_WARN_ENUM_CONVERSION = YES;
				CLANG_WARN_INFINITE_RECURSION = YES;
				CLANG_WARN_INT_CONVERSION = YES;
				CLANG_WARN_OBJC_ROOT_CLASS = YES_ERROR;
				CLANG_WARN_SUSPICIOUS_MOVE = YES;
				CLANG_WARN_UNREACHABLE_CODE = YES;
				CLANG_WARN__DUPLICATE_METHOD_MATCH = YES;
				"CODE_SIGN_IDENTITY[sdk=iphoneos*]" = "iPhone Developer";
				COPY_PHASE_STRIP = NO;
				DEBUG_INFORMATION_FORMAT = "dwarf-with-dsym";
				ENABLE_NS_ASSERTIONS = NO;
				ENABLE_STRICT_OBJC_MSGSEND = YES;
				GCC_C_LANGUAGE_STANDARD = gnu99;
				GCC_NO_COMMON_BLOCKS = YES;
				GCC_WARN_64_TO_32_BIT_CONVERSION = YES;
				GCC_WARN_ABOUT_RETURN_TYPE = YES_ERROR;
				GCC_WARN_UNDECLARED_SELECTOR = YES;
				GCC_WARN_UNINITIALIZED_AUTOS = YES_AGGRESSIVE;
				GCC_WARN_UNUSED_FUNCTION = YES;
				GCC_WARN_UNUSED_VARIABLE = YES;
				IPHONEOS_DEPLOYMENT_TARGET = 10.3;
				MTL_ENABLE_DEBUG_INFO = NO;
				SDKROOT = iphoneos;
				VALIDATE_PRODUCT = YES;
			};
			name = Release;
		};
		184DCE251ED2FA760087BE4C /* Debug */ = {
			isa = XCBuildConfiguration;
			buildSettings = {
				ASSETCATALOG_COMPILER_APPICON_NAME = AppIcon;
				DEVELOPMENT_TEAM = HS686A3WXM;
				INFOPLIST_FILE = WYLFriendCircle/Info.plist;
				LD_RUNPATH_SEARCH_PATHS = "$(inherited) @executable_path/Frameworks";
				PRODUCT_BUNDLE_IDENTIFIER = com.WYLFriendCircle;
				PRODUCT_NAME = "$(TARGET_NAME)";
			};
			name = Debug;
		};
		184DCE261ED2FA760087BE4C /* Release */ = {
			isa = XCBuildConfiguration;
			buildSettings = {
				ASSETCATALOG_COMPILER_APPICON_NAME = AppIcon;
				DEVELOPMENT_TEAM = HS686A3WXM;
				INFOPLIST_FILE = WYLFriendCircle/Info.plist;
				LD_RUNPATH_SEARCH_PATHS = "$(inherited) @executable_path/Frameworks";
				PRODUCT_BUNDLE_IDENTIFIER = com.WYLFriendCircle;
				PRODUCT_NAME = "$(TARGET_NAME)";
			};
			name = Release;
		};
/* End XCBuildConfiguration section */

/* Begin XCConfigurationList section */
		184DCE081ED2FA760087BE4C /* Build configuration list for PBXProject "WYLFriendCircle" */ = {
			isa = XCConfigurationList;
			buildConfigurations = (
				184DCE221ED2FA760087BE4C /* Debug */,
				184DCE231ED2FA760087BE4C /* Release */,
			);
			defaultConfigurationIsVisible = 0;
			defaultConfigurationName = Release;
		};
		184DCE241ED2FA760087BE4C /* Build configuration list for PBXNativeTarget "WYLFriendCircle" */ = {
			isa = XCConfigurationList;
			buildConfigurations = (
				184DCE251ED2FA760087BE4C /* Debug */,
				184DCE261ED2FA760087BE4C /* Release */,
			);
			defaultConfigurationIsVisible = 0;
			defaultConfigurationName = Release;
		};
/* End XCConfigurationList section */
	};
	rootObject = 184DCE051ED2FA760087BE4C /* Project object */;
}
